{
    "_meta": {
        "hash": {
            "sha256": "1af8435e3fceafe8fdefde234306c964da74685be46a3edad1926184d6d86df6"
        },
        "host-environment-markers": {
            "implementation_name": "cpython",
            "implementation_version": "3.6.3",
            "os_name": "posix",
            "platform_machine": "x86_64",
            "platform_python_implementation": "CPython",
            "platform_release": "4.13.11-1-ARCH",
            "platform_system": "Linux",
            "platform_version": "#1 SMP PREEMPT Thu Nov 2 10:25:56 CET 2017",
            "python_full_version": "3.6.3",
            "python_version": "3.6",
            "sys_platform": "linux"
        },
        "pipfile-spec": 6,
        "requires": {},
        "sources": [
            {
                "name": "pypi",
                "url": "https://pypi.python.org/simple",
                "verify_ssl": true
            }
        ]
    },
    "default": {
        "astroid": {
            "hashes": [],
            "version": "==2.15.4"
        },
        "certifi": {
            "hashes": [],
            "version": "==2022.12.7"
        },
        "chardet": {
            "hashes": [],
            "version": "==5.1.0"
        },
        "coverage": {
            "hashes": [],
            "version": "==7.2.3"
        },
        "coveralls": {
            "hashes": [],
            "version": "==3.3.1"
        },
        "cython": {
            "hashes": [],
            "version": "==0.29.34"
        },
        "docopt": {
            "hashes": [
                "sha256:49b3a825280bd66b3aa83585ef59c4a8c82f2c8a522dbe754a8bc8d08c85c491"
            ],
            "version": "==0.6.2"
        },
        "idna": {
            "hashes": [],
            "version": "==3.4"
        },
        "isort": {
            "hashes": [],
            "version": "==5.12.0"
        },
        "lazy-object-proxy": {
            "hashes": [],
            "version": "==1.9.0"
        },
        "mccabe": {
            "hashes": [],
            "version": "==0.7.0"
        },
        "mypy": {
            "hashes": [],
            "version": "==1.2.0"
        },
        "mypy-lang": {
            "hashes": [
                "sha256:054bf1f8dfc0af7f53a49473c7a858e4c07b66e2cd8f7621e1401d6776807c45"
            ],
            "version": "==0.5.0"
        },
        "psutil": {
            "hashes": [],
            "version": "==5.9.5"
        },
        "py": {
            "hashes": [],
            "version": "==1.11.0"
        },
        "pydocstyle": {
            "hashes": [],
            "version": "==6.3.0"
        },
        "pylint": {
            "hashes": [],
            "version": "==2.17.3"
        },
        "pytest": {
            "hashes": [],
            "version": "==7.3.1"
        },
        "pytest-cov": {
            "hashes": [],
            "version": "==4.0.0"
        },
        "pytest-mypy": {
            "hashes": [],
            "version": "==0.10.3"
        },
        "pytest-pylint": {
            "hashes": [],
            "version": "==0.19.0"
        },
        "pytest-runner": {
            "hashes": [],
            "version": "==6.0.0"
        },
        "requests": {
            "hashes": [],
            "version": "==2.28.2"
        },
        "six": {
            "hashes": [],
            "version": "==1.16.0"
        },
        "snowballstemmer": {
            "hashes": [],
            "version": "==2.2.0"
        },
        "typed-ast": {
            "hashes": [],
            "version": "==1.5.4"
        },
        "urllib3": {
            "hashes": [],
            "version": "==1.26.15"
        },
        "wrapt": {
            "hashes": [],
            "version": "==1.15.0"
        }
    },
    "develop": {
        "alabaster": {
            "hashes": [],
            "version": "==0.7.13"
        },
        "babel": {
            "hashes": [],
            "version": "==2.12.1"
        },
        "certifi": {
            "hashes": [],
            "version": "==2022.12.7"
        },
        "chardet": {
            "hashes": [],
            "version": "==5.1.0"
        },
        "docutils": {
            "hashes": [],
            "version": "==0.19"
        },
        "ghp-import": {
            "hashes": [],
            "version": "==2.1.0"
        },
        "idna": {
            "hashes": [],
            "version": "==3.4"
        },
        "imagesize": {
            "hashes": [],
            "version": "==1.4.1"
        },
        "jinja2": {
            "hashes": [],
            "version": "==3.1.2"
        },
        "markupsafe": {
            "hashes": [
                "sha256:efdc45ef1afc238db84cb4963aa689c0408912a0239b0721cb172b4016eb31d6",
                "sha256:52ccb45e77a1085ec5461cde794e1aa037df79f473cbc69b974e73940655c8d7",
                "sha256:525396ee324ee2da82919f2ee9c9e73b012f23e7640131dd1b53a90206a0f09c",
                "sha256:5c3fbebd7de20ce93103cb3183b47671f2885307df4a17a0ad56a1dd51273d36",
                "sha256:f82e347a72f955b7017a39708a3667f106e6ad4d10b25f237396a7115d8ed5fd",
                "sha256:31cbb1359e8c25f9f48e156e59e2eaad51cd5242c05ed18a8de6dbe85184e4b7",
                "sha256:edce2ea7f3dfc981c4ddc97add8a61381d9642dc3273737e756517cc03e84dd6",
                "sha256:19f637c2ac5ae9da8bfd98cef74d64b7e1bb8a63038a3505cd182c3fac5eb4d9",
                "sha256:98e439297f78fca3a6169fd330fbe88d78b3bb72f967ad9961bcac0d7fdd1550",
                "sha256:fb7c206e01ad85ce57feeaaa0bf784b97fa3cad0d4a5737bc5295785f5c613a1",
                "sha256:1fa6058938190ebe8290e5cae6c351e14e7bb44505c4a7624555ce57fbbeba0d",
                "sha256:e982fe07ede9fada6ff6705af70514a52beb1b2c3d25d4e873e82114cf3c5401",
                "sha256:5e5851969aea17660e55f6a3be00037a25b96a9b44d2083651812c99d53b14d1",
                "sha256:f137c02498f8b935892d5c0172560d7ab54bc45039de8805075e19079c639a9c",
                "sha256:3e835d8841ae7863f64e40e19477f7eb398674da6a47f09871673742531e6f4b",
                "sha256:5edfa27b2d3eefa2210fb2f5d539fbed81722b49f083b2c6566455eb7422fd7e",
                "sha256:857eebb2c1dc60e4219ec8e98dfa19553dae33608237e107db9c6078b1167856",
                "sha256:bf54103892a83c64db58125b3f2a43df6d2cb2d28889f14c78519394feb41492",
                "sha256:048ef924c1623740e70204aa7143ec592504045ae4429b59c30054cb31e3c432",
                "sha256:83381342bfc22b3c8c06f2dd93a505413888694302de25add756254beee8449c",
                "sha256:130f844e7f5bdd8e9f3f42e7102ef1d49b2e6fdf0d7526df3f87281a532d8c8b",
                "sha256:52b07fbc32032c21ad4ab060fec137b76eb804c4b9a1c7c7dc562549306afad2",
                "sha256:1f19ef5d3908110e1e891deefb5586aae1b49a7440db952454b4e281b41620cd",
                "sha256:1b8a7a87ad1b92bd887568ce54b23565f3fd7018c4180136e1cf412b405a47af",
                "sha256:d9ac82be533394d341b41d78aca7ed0e0f4ba5a2231602e2f05aa87f25c51672",
                "sha256:1c25694ca680b6919de53a4bb3bdd0602beafc63ff001fea2f2fc16ec3a11834",
                "sha256:7d263e5770efddf465a9e31b78362d84d015cc894ca2c131901a4445eaa61ee1",
                "sha256:4e97332c9ce444b0c2c38dd22ddc61c743eb208d916e4265a2a3b575bdccb1d3"
            ],
            "version": "==1.1.0"
        },
        "pygments": {
            "hashes": [
                "sha256:e8218dd399a61674745138520d0d4cf2621d7e032439341bc3f647bff125818d",
                "sha256:5ffada19f6203563680669ee7f53b64dabbeb100eb51b61996085e99c03b284a"
            ],
            "version": "==2.3.1"
        },
        "pytz": {
            "hashes": [
                "sha256:8e0f8568c118d3077b46be7d654cc8167fa916092e28320cde048e54bfc9f1e6",
                "sha256:31cb35c89bd7d333cd32c5f278fca91b523b0834369e757f4c5641ea252236ca"
            ],
            "version": "==2018.7"
        },
        "requests": {
            "hashes": [],
            "version": "==2.28.2"
        },
        "six": {
            "hashes": [],
            "version": "==1.16.0"
        },
        "snowballstemmer": {
            "hashes": [],
            "version": "==2.2.0"
        },
        "sphinx": {
            "hashes": [],
            "version": "==6.2.0"
        },
        "sphinxcontrib-websupport": {
            "hashes": [
                "sha256:68ca7ff70785cbe1e7bccc71a48b5b6d965d79ca50629606c7861a21b206d9dd",
                "sha256:9de47f375baf1ea07cdb3436ff39d7a9c76042c10a769c52353ec46e4e8fc3b9"
            ],
            "version": "==1.1.0"
        },
        "urllib3": {
            "hashes": [],
            "version": "==1.26.15"
        }
    }
}
